// !$*UTF8*$!
{
	archiveVersion = 1;
	classes = {
	};
	objectVersion = 46;
	objects = {

/* Begin PBXBuildFile section */
		555B1753EB20163483AE8E75 /* libPods.a in Frameworks */ = {isa = PBXBuildFile; fileRef = C371592CB820926FFB4D006D /* libPods.a */; };
		BF06AABE1CC5C51F005610D9 /* UserInfo.m in Sources */ = {isa = PBXBuildFile; fileRef = BF06AABD1CC5C51F005610D9 /* UserInfo.m */; };
		BF2001E21CC7760500215827 /* LoginSuperClass.m in Sources */ = {isa = PBXBuildFile; fileRef = BF2001E11CC7760500215827 /* LoginSuperClass.m */; };
		BF2001E81CC8800C00215827 /* RegistViewController.m in Sources */ = {isa = PBXBuildFile; fileRef = BF2001E71CC8800C00215827 /* RegistViewController.m */; };
		BF2001EB1CC8D6C400215827 /* MyXMPPToll.m in Sources */ = {isa = PBXBuildFile; fileRef = BF2001EA1CC8D6C400215827 /* MyXMPPToll.m */; };
		BF2001F11CCA17A000215827 /* UserDetailViewController.m in Sources */ = {isa = PBXBuildFile; fileRef = BF2001F01CCA17A000215827 /* UserDetailViewController.m */; };
		BF47A3A11CCDCC8400CE8EC2 /* EditingViewController.m in Sources */ = {isa = PBXBuildFile; fileRef = BF47A3A01CCDCC8400CE8EC2 /* EditingViewController.m */; };
		BF4908071CBF987E00171BD5 /* MBProgressHUD+HM.m in Sources */ = {isa = PBXBuildFile; fileRef = BF4908031CBF987E00171BD5 /* MBProgressHUD+HM.m */; };
		BF4908081CBF987E00171BD5 /* MBProgressHUD.bundle in Resources */ = {isa = PBXBuildFile; fileRef = BF4908041CBF987E00171BD5 /* MBProgressHUD.bundle */; };
		BF4908091CBF987E00171BD5 /* MBProgressHUD.m in Sources */ = {isa = PBXBuildFile; fileRef = BF4908061CBF987E00171BD5 /* MBProgressHUD.m */; };
		BF49080E1CBFA26200171BD5 /* NAVStyle.m in Sources */ = {isa = PBXBuildFile; fileRef = BF49080D1CBFA26200171BD5 /* NAVStyle.m */; };
		BF4908121CC0CABF00171BD5 /* MyViewController.m in Sources */ = {isa = PBXBuildFile; fileRef = BF4908111CC0CABF00171BD5 /* MyViewController.m */; };
		BF5F5B111CBE341D00D6B854 /* main.m in Sources */ = {isa = PBXBuildFile; fileRef = BF5F5B101CBE341D00D6B854 /* main.m */; };
		BF5F5B141CBE341D00D6B854 /* AppDelegate.m in Sources */ = {isa = PBXBuildFile; fileRef = BF5F5B131CBE341D00D6B854 /* AppDelegate.m */; };
		BF5F5B171CBE341D00D6B854 /* ViewController.m in Sources */ = {isa = PBXBuildFile; fileRef = BF5F5B161CBE341D00D6B854 /* ViewController.m */; };
		BF5F5B1A1CBE341D00D6B854 /* Main.storyboard in Resources */ = {isa = PBXBuildFile; fileRef = BF5F5B181CBE341D00D6B854 /* Main.storyboard */; };
		BF5F5B1C1CBE341D00D6B854 /* Assets.xcassets in Resources */ = {isa = PBXBuildFile; fileRef = BF5F5B1B1CBE341D00D6B854 /* Assets.xcassets */; };
		BF5F5B1F1CBE341D00D6B854 /* LaunchScreen.storyboard in Resources */ = {isa = PBXBuildFile; fileRef = BF5F5B1D1CBE341D00D6B854 /* LaunchScreen.storyboard */; };
		BF5F5B2A1CBE341D00D6B854 /* WeChat_XMPPTests.m in Sources */ = {isa = PBXBuildFile; fileRef = BF5F5B291CBE341D00D6B854 /* WeChat_XMPPTests.m */; };
		BF5F5B351CBE341D00D6B854 /* WeChat_XMPPUITests.m in Sources */ = {isa = PBXBuildFile; fileRef = BF5F5B341CBE341D00D6B854 /* WeChat_XMPPUITests.m */; };
		BF5F5B531CBF446D00D6B854 /* LoginStoryboard.storyboard in Resources */ = {isa = PBXBuildFile; fileRef = BF5F5B521CBF446D00D6B854 /* LoginStoryboard.storyboard */; };
		BF5F5B561CBF734500D6B854 /* OtherViewController.m in Sources */ = {isa = PBXBuildFile; fileRef = BF5F5B551CBF734500D6B854 /* OtherViewController.m */; };
		BF701A101CCA30F600122EFB /* AlertShow.m in Sources */ = {isa = PBXBuildFile; fileRef = BF701A0F1CCA30F600122EFB /* AlertShow.m */; };
		BFB250FD1CC4B1B90035D334 /* loginViewController.m in Sources */ = {isa = PBXBuildFile; fileRef = BFB250FC1CC4B1B90035D334 /* loginViewController.m */; };
/* End PBXBuildFile section */

/* Begin PBXContainerItemProxy section */
		BF5F5B261CBE341D00D6B854 /* PBXContainerItemProxy */ = {
			isa = PBXContainerItemProxy;
			containerPortal = BF5F5B041CBE341D00D6B854 /* Project object */;
			proxyType = 1;
			remoteGlobalIDString = BF5F5B0B1CBE341D00D6B854;
			remoteInfo = "WeChat-XMPP";
		};
		BF5F5B311CBE341D00D6B854 /* PBXContainerItemProxy */ = {
			isa = PBXContainerItemProxy;
			containerPortal = BF5F5B041CBE341D00D6B854 /* Project object */;
			proxyType = 1;
			remoteGlobalIDString = BF5F5B0B1CBE341D00D6B854;
			remoteInfo = "WeChat-XMPP";
		};
/* End PBXContainerItemProxy section */

/* Begin PBXFileReference section */
		20B9CFBDDBB20DFB91C849B7 /* Pods.release.xcconfig */ = {isa = PBXFileReference; includeInIndex = 1; lastKnownFileType = text.xcconfig; name = Pods.release.xcconfig; path = "Pods/Target Support Files/Pods/Pods.release.xcconfig"; sourceTree = "<group>"; };
		BF06AABB1CC5C4F9005610D9 /* Singleton.h */ = {isa = PBXFileReference; fileEncoding = 4; lastKnownFileType = sourcecode.c.h; path = Singleton.h; sourceTree = "<group>"; };
		BF06AABC1CC5C51F005610D9 /* UserInfo.h */ = {isa = PBXFileReference; fileEncoding = 4; lastKnownFileType = sourcecode.c.h; path = UserInfo.h; sourceTree = "<group>"; };
		BF06AABD1CC5C51F005610D9 /* UserInfo.m */ = {isa = PBXFileReference; fileEncoding = 4; lastKnownFileType = sourcecode.c.objc; path = UserInfo.m; sourceTree = "<group>"; };
		BF2001E01CC7760500215827 /* LoginSuperClass.h */ = {isa = PBXFileReference; fileEncoding = 4; lastKnownFileType = sourcecode.c.h; path = LoginSuperClass.h; sourceTree = "<group>"; };
		BF2001E11CC7760500215827 /* LoginSuperClass.m */ = {isa = PBXFileReference; fileEncoding = 4; lastKnownFileType = sourcecode.c.objc; path = LoginSuperClass.m; sourceTree = "<group>"; };
		BF2001E61CC8800C00215827 /* RegistViewController.h */ = {isa = PBXFileReference; fileEncoding = 4; lastKnownFileType = sourcecode.c.h; path = RegistViewController.h; sourceTree = "<group>"; };
		BF2001E71CC8800C00215827 /* RegistViewController.m */ = {isa = PBXFileReference; fileEncoding = 4; lastKnownFileType = sourcecode.c.objc; path = RegistViewController.m; sourceTree = "<group>"; };
		BF2001E91CC8D6C400215827 /* MyXMPPToll.h */ = {isa = PBXFileReference; fileEncoding = 4; lastKnownFileType = sourcecode.c.h; path = MyXMPPToll.h; sourceTree = "<group>"; };
		BF2001EA1CC8D6C400215827 /* MyXMPPToll.m */ = {isa = PBXFileReference; fileEncoding = 4; lastKnownFileType = sourcecode.c.objc; path = MyXMPPToll.m; sourceTree = "<group>"; };
		BF2001EF1CCA17A000215827 /* UserDetailViewController.h */ = {isa = PBXFileReference; fileEncoding = 4; lastKnownFileType = sourcecode.c.h; path = UserDetailViewController.h; sourceTree = "<group>"; };
		BF2001F01CCA17A000215827 /* UserDetailViewController.m */ = {isa = PBXFileReference; fileEncoding = 4; lastKnownFileType = sourcecode.c.objc; path = UserDetailViewController.m; sourceTree = "<group>"; };
		BF47A39F1CCDCC8400CE8EC2 /* EditingViewController.h */ = {isa = PBXFileReference; fileEncoding = 4; lastKnownFileType = sourcecode.c.h; path = EditingViewController.h; sourceTree = "<group>"; };
		BF47A3A01CCDCC8400CE8EC2 /* EditingViewController.m */ = {isa = PBXFileReference; fileEncoding = 4; lastKnownFileType = sourcecode.c.objc; path = EditingViewController.m; sourceTree = "<group>"; };
		BF4908021CBF987E00171BD5 /* MBProgressHUD+HM.h */ = {isa = PBXFileReference; fileEncoding = 4; lastKnownFileType = sourcecode.c.h; path = "MBProgressHUD+HM.h"; sourceTree = "<group>"; };
		BF4908031CBF987E00171BD5 /* MBProgressHUD+HM.m */ = {isa = PBXFileReference; fileEncoding = 4; lastKnownFileType = sourcecode.c.objc; path = "MBProgressHUD+HM.m"; sourceTree = "<group>"; };
		BF4908041CBF987E00171BD5 /* MBProgressHUD.bundle */ = {isa = PBXFileReference; lastKnownFileType = "wrapper.plug-in"; path = MBProgressHUD.bundle; sourceTree = "<group>"; };
		BF4908051CBF987E00171BD5 /* MBProgressHUD.h */ = {isa = PBXFileReference; fileEncoding = 4; lastKnownFileType = sourcecode.c.h; path = MBProgressHUD.h; sourceTree = "<group>"; };
		BF4908061CBF987E00171BD5 /* MBProgressHUD.m */ = {isa = PBXFileReference; fileEncoding = 4; lastKnownFileType = sourcecode.c.objc; path = MBProgressHUD.m; sourceTree = "<group>"; };
		BF49080A1CBF9D1D00171BD5 /* PrefixHeader.pch */ = {isa = PBXFileReference; lastKnownFileType = sourcecode.c.h; path = PrefixHeader.pch; sourceTree = "<group>"; };
		BF49080C1CBFA26200171BD5 /* NAVStyle.h */ = {isa = PBXFileReference; fileEncoding = 4; lastKnownFileType = sourcecode.c.h; path = NAVStyle.h; sourceTree = "<group>"; };
		BF49080D1CBFA26200171BD5 /* NAVStyle.m */ = {isa = PBXFileReference; fileEncoding = 4; lastKnownFileType = sourcecode.c.objc; path = NAVStyle.m; sourceTree = "<group>"; };
		BF4908101CC0CABF00171BD5 /* MyViewController.h */ = {isa = PBXFileReference; fileEncoding = 4; lastKnownFileType = sourcecode.c.h; path = MyViewController.h; sourceTree = "<group>"; };
		BF4908111CC0CABF00171BD5 /* MyViewController.m */ = {isa = PBXFileReference; fileEncoding = 4; lastKnownFileType = sourcecode.c.objc; path = MyViewController.m; sourceTree = "<group>"; };
		BF5F5B0C1CBE341D00D6B854 /* WeChat-XMPP.app */ = {isa = PBXFileReference; explicitFileType = wrapper.application; includeInIndex = 0; path = "WeChat-XMPP.app"; sourceTree = BUILT_PRODUCTS_DIR; };
		BF5F5B101CBE341D00D6B854 /* main.m */ = {isa = PBXFileReference; lastKnownFileType = sourcecode.c.objc; path = main.m; sourceTree = "<group>"; };
		BF5F5B121CBE341D00D6B854 /* AppDelegate.h */ = {isa = PBXFileReference; lastKnownFileType = sourcecode.c.h; name = AppDelegate.h; path = ../AppDelegate.h; sourceTree = "<group>"; };
		BF5F5B131CBE341D00D6B854 /* AppDelegate.m */ = {isa = PBXFileReference; lastKnownFileType = sourcecode.c.objc; name = AppDelegate.m; path = ../AppDelegate.m; sourceTree = "<group>"; };
		BF5F5B151CBE341D00D6B854 /* ViewController.h */ = {isa = PBXFileReference; lastKnownFileType = sourcecode.c.h; path = ViewController.h; sourceTree = "<group>"; };
		BF5F5B161CBE341D00D6B854 /* ViewController.m */ = {isa = PBXFileReference; lastKnownFileType = sourcecode.c.objc; path = ViewController.m; sourceTree = "<group>"; };
		BF5F5B191CBE341D00D6B854 /* Base */ = {isa = PBXFileReference; lastKnownFileType = file.storyboard; name = Base; path = Base.lproj/Main.storyboard; sourceTree = "<group>"; };
		BF5F5B1B1CBE341D00D6B854 /* Assets.xcassets */ = {isa = PBXFileReference; lastKnownFileType = folder.assetcatalog; path = Assets.xcassets; sourceTree = "<group>"; };
		BF5F5B1E1CBE341D00D6B854 /* Base */ = {isa = PBXFileReference; lastKnownFileType = file.storyboard; name = Base; path = Base.lproj/LaunchScreen.storyboard; sourceTree = "<group>"; };
		BF5F5B201CBE341D00D6B854 /* Info.plist */ = {isa = PBXFileReference; lastKnownFileType = text.plist.xml; path = Info.plist; sourceTree = "<group>"; };
		BF5F5B251CBE341D00D6B854 /* WeChat-XMPPTests.xctest */ = {isa = PBXFileReference; explicitFileType = wrapper.cfbundle; includeInIndex = 0; path = "WeChat-XMPPTests.xctest"; sourceTree = BUILT_PRODUCTS_DIR; };
		BF5F5B291CBE341D00D6B854 /* WeChat_XMPPTests.m */ = {isa = PBXFileReference; lastKnownFileType = sourcecode.c.objc; path = WeChat_XMPPTests.m; sourceTree = "<group>"; };
		BF5F5B2B1CBE341D00D6B854 /* Info.plist */ = {isa = PBXFileReference; lastKnownFileType = text.plist.xml; path = Info.plist; sourceTree = "<group>"; };
		BF5F5B301CBE341D00D6B854 /* WeChat-XMPPUITests.xctest */ = {isa = PBXFileReference; explicitFileType = wrapper.cfbundle; includeInIndex = 0; path = "WeChat-XMPPUITests.xctest"; sourceTree = BUILT_PRODUCTS_DIR; };
		BF5F5B341CBE341D00D6B854 /* WeChat_XMPPUITests.m */ = {isa = PBXFileReference; lastKnownFileType = sourcecode.c.objc; path = WeChat_XMPPUITests.m; sourceTree = "<group>"; };
		BF5F5B361CBE341D00D6B854 /* Info.plist */ = {isa = PBXFileReference; lastKnownFileType = text.plist.xml; path = Info.plist; sourceTree = "<group>"; };
		BF5F5B521CBF446D00D6B854 /* LoginStoryboard.storyboard */ = {isa = PBXFileReference; fileEncoding = 4; lastKnownFileType = file.storyboard; path = LoginStoryboard.storyboard; sourceTree = "<group>"; };
		BF5F5B541CBF734500D6B854 /* OtherViewController.h */ = {isa = PBXFileReference; fileEncoding = 4; lastKnownFileType = sourcecode.c.h; path = OtherViewController.h; sourceTree = "<group>"; };
		BF5F5B551CBF734500D6B854 /* OtherViewController.m */ = {isa = PBXFileReference; fileEncoding = 4; lastKnownFileType = sourcecode.c.objc; path = OtherViewController.m; sourceTree = "<group>"; };
		BF701A0E1CCA30F600122EFB /* AlertShow.h */ = {isa = PBXFileReference; fileEncoding = 4; lastKnownFileType = sourcecode.c.h; path = AlertShow.h; sourceTree = "<group>"; };
		BF701A0F1CCA30F600122EFB /* AlertShow.m */ = {isa = PBXFileReference; fileEncoding = 4; lastKnownFileType = sourcecode.c.objc; path = AlertShow.m; sourceTree = "<group>"; };
		BFB250FB1CC4B1B90035D334 /* loginViewController.h */ = {isa = PBXFileReference; fileEncoding = 4; lastKnownFileType = sourcecode.c.h; path = loginViewController.h; sourceTree = "<group>"; };
		BFB250FC1CC4B1B90035D334 /* loginViewController.m */ = {isa = PBXFileReference; fileEncoding = 4; lastKnownFileType = sourcecode.c.objc; path = loginViewController.m; sourceTree = "<group>"; };
		C371592CB820926FFB4D006D /* libPods.a */ = {isa = PBXFileReference; explicitFileType = archive.ar; includeInIndex = 0; path = libPods.a; sourceTree = BUILT_PRODUCTS_DIR; };
		E6A4E813A1223FC85BAD80F9 /* Pods.debug.xcconfig */ = {isa = PBXFileReference; includeInIndex = 1; lastKnownFileType = text.xcconfig; name = Pods.debug.xcconfig; path = "Pods/Target Support Files/Pods/Pods.debug.xcconfig"; sourceTree = "<group>"; };
/* End PBXFileReference section */

/* Begin PBXFrameworksBuildPhase section */
		BF5F5B091CBE341D00D6B854 /* Frameworks */ = {
			isa = PBXFrameworksBuildPhase;
			buildActionMask = 2147483647;
			files = (
				555B1753EB20163483AE8E75 /* libPods.a in Frameworks */,
			);
			runOnlyForDeploymentPostprocessing = 0;
		};
		BF5F5B221CBE341D00D6B854 /* Frameworks */ = {
			isa = PBXFrameworksBuildPhase;
			buildActionMask = 2147483647;
			files = (
			);
			runOnlyForDeploymentPostprocessing = 0;
		};
		BF5F5B2D1CBE341D00D6B854 /* Frameworks */ = {
			isa = PBXFrameworksBuildPhase;
			buildActionMask = 2147483647;
			files = (
			);
			runOnlyForDeploymentPostprocessing = 0;
		};
/* End PBXFrameworksBuildPhase section */

/* Begin PBXGroup section */
		11C6F2ADF9716F12D4F38806 /* Pods */ = {
			isa = PBXGroup;
			children = (
				E6A4E813A1223FC85BAD80F9 /* Pods.debug.xcconfig */,
				20B9CFBDDBB20DFB91C849B7 /* Pods.release.xcconfig */,
			);
			name = Pods;
			sourceTree = "<group>";
		};
		BF06AABA1CC5C4F9005610D9 /* Singleton */ = {
			isa = PBXGroup;
			children = (
				BF06AABB1CC5C4F9005610D9 /* Singleton.h */,
				BF06AABC1CC5C51F005610D9 /* UserInfo.h */,
				BF06AABD1CC5C51F005610D9 /* UserInfo.m */,
				BF2001E91CC8D6C400215827 /* MyXMPPToll.h */,
				BF2001EA1CC8D6C400215827 /* MyXMPPToll.m */,
			);
			path = Singleton;
			sourceTree = "<group>";
		};
		BF4908011CBF987E00171BD5 /* MBProgessHUD */ = {
			isa = PBXGroup;
			children = (
				BF4908021CBF987E00171BD5 /* MBProgressHUD+HM.h */,
				BF4908031CBF987E00171BD5 /* MBProgressHUD+HM.m */,
				BF4908041CBF987E00171BD5 /* MBProgressHUD.bundle */,
				BF4908051CBF987E00171BD5 /* MBProgressHUD.h */,
				BF4908061CBF987E00171BD5 /* MBProgressHUD.m */,
			);
			path = MBProgessHUD;
			sourceTree = "<group>";
		};
		BF49080B1CBFA22600171BD5 /* Public */ = {
			isa = PBXGroup;
			children = (
				BF49080C1CBFA26200171BD5 /* NAVStyle.h */,
				BF49080D1CBFA26200171BD5 /* NAVStyle.m */,
			);
			path = Public;
			sourceTree = "<group>";
		};
		BF5F5B031CBE341D00D6B854 = {
			isa = PBXGroup;
			children = (
				BF5F5B0E1CBE341D00D6B854 /* WeChat-XMPP */,
				BF5F5B281CBE341D00D6B854 /* WeChat-XMPPTests */,
				BF5F5B331CBE341D00D6B854 /* WeChat-XMPPUITests */,
				BF5F5B0D1CBE341D00D6B854 /* Products */,
				11C6F2ADF9716F12D4F38806 /* Pods */,
				FE658CDEED0B71BDB6BEFF1F /* Frameworks */,
			);
			sourceTree = "<group>";
		};
		BF5F5B0D1CBE341D00D6B854 /* Products */ = {
			isa = PBXGroup;
			children = (
				BF5F5B0C1CBE341D00D6B854 /* WeChat-XMPP.app */,
				BF5F5B251CBE341D00D6B854 /* WeChat-XMPPTests.xctest */,
				BF5F5B301CBE341D00D6B854 /* WeChat-XMPPUITests.xctest */,
			);
			name = Products;
			sourceTree = "<group>";
		};
		BF5F5B0E1CBE341D00D6B854 /* WeChat-XMPP */ = {
			isa = PBXGroup;
			children = (
				BF06AABA1CC5C4F9005610D9 /* Singleton */,
				BF49080B1CBFA22600171BD5 /* Public */,
				BF5F5B4D1CBF417A00D6B854 /* other */,
				BF5F5B4A1CBF416200D6B854 /* lib */,
				BF5F5B4B1CBF416200D6B854 /* login */,
				BF5F5B4C1CBF416200D6B854 /* main */,
				BF5F5B151CBE341D00D6B854 /* ViewController.h */,
				BF5F5B161CBE341D00D6B854 /* ViewController.m */,
				BF5F5B181CBE341D00D6B854 /* Main.storyboard */,
				BF5F5B1B1CBE341D00D6B854 /* Assets.xcassets */,
				BF5F5B1D1CBE341D00D6B854 /* LaunchScreen.storyboard */,
				BF5F5B201CBE341D00D6B854 /* Info.plist */,
				BF5F5B0F1CBE341D00D6B854 /* Supporting Files */,
			);
			path = "WeChat-XMPP";
			sourceTree = "<group>";
		};
		BF5F5B0F1CBE341D00D6B854 /* Supporting Files */ = {
			isa = PBXGroup;
			children = (
				BF5F5B101CBE341D00D6B854 /* main.m */,
				BF49080A1CBF9D1D00171BD5 /* PrefixHeader.pch */,
			);
			name = "Supporting Files";
			sourceTree = "<group>";
		};
		BF5F5B281CBE341D00D6B854 /* WeChat-XMPPTests */ = {
			isa = PBXGroup;
			children = (
				BF5F5B291CBE341D00D6B854 /* WeChat_XMPPTests.m */,
				BF5F5B2B1CBE341D00D6B854 /* Info.plist */,
			);
			path = "WeChat-XMPPTests";
			sourceTree = "<group>";
		};
		BF5F5B331CBE341D00D6B854 /* WeChat-XMPPUITests */ = {
			isa = PBXGroup;
			children = (
				BF5F5B341CBE341D00D6B854 /* WeChat_XMPPUITests.m */,
				BF5F5B361CBE341D00D6B854 /* Info.plist */,
			);
			path = "WeChat-XMPPUITests";
			sourceTree = "<group>";
		};
		BF5F5B4A1CBF416200D6B854 /* lib */ = {
			isa = PBXGroup;
			children = (
				BF701A0D1CCA30F600122EFB /* AlertShow */,
				BF4908011CBF987E00171BD5 /* MBProgessHUD */,
			);
			path = lib;
			sourceTree = "<group>";
		};
		BF5F5B4B1CBF416200D6B854 /* login */ = {
			isa = PBXGroup;
			children = (
				BF5F5B521CBF446D00D6B854 /* LoginStoryboard.storyboard */,
				BF5F5B541CBF734500D6B854 /* OtherViewController.h */,
				BF5F5B551CBF734500D6B854 /* OtherViewController.m */,
				BFB250FB1CC4B1B90035D334 /* loginViewController.h */,
				BFB250FC1CC4B1B90035D334 /* loginViewController.m */,
				BF2001E01CC7760500215827 /* LoginSuperClass.h */,
				BF2001E11CC7760500215827 /* LoginSuperClass.m */,
				BF2001E61CC8800C00215827 /* RegistViewController.h */,
				BF2001E71CC8800C00215827 /* RegistViewController.m */,
			);
			path = login;
			sourceTree = "<group>";
		};
		BF5F5B4C1CBF416200D6B854 /* main */ = {
			isa = PBXGroup;
			children = (
				BF4908101CC0CABF00171BD5 /* MyViewController.h */,
				BF4908111CC0CABF00171BD5 /* MyViewController.m */,
				BF2001EF1CCA17A000215827 /* UserDetailViewController.h */,
				BF2001F01CCA17A000215827 /* UserDetailViewController.m */,
				BF47A39F1CCDCC8400CE8EC2 /* EditingViewController.h */,
				BF47A3A01CCDCC8400CE8EC2 /* EditingViewController.m */,
			);
			path = main;
			sourceTree = "<group>";
		};
		BF5F5B4D1CBF417A00D6B854 /* other */ = {
			isa = PBXGroup;
			children = (
				BF5F5B121CBE341D00D6B854 /* AppDelegate.h */,
				BF5F5B131CBE341D00D6B854 /* AppDelegate.m */,
			);
			path = other;
			sourceTree = "<group>";
		};
		BF701A0D1CCA30F600122EFB /* AlertShow */ = {
			isa = PBXGroup;
			children = (
				BF701A0E1CCA30F600122EFB /* AlertShow.h */,
				BF701A0F1CCA30F600122EFB /* AlertShow.m */,
			);
			path = AlertShow;
			sourceTree = "<group>";
		};
		FE658CDEED0B71BDB6BEFF1F /* Frameworks */ = {
			isa = PBXGroup;
			children = (
				C371592CB820926FFB4D006D /* libPods.a */,
			);
			name = Frameworks;
			sourceTree = "<group>";
		};
/* End PBXGroup section */

/* Begin PBXNativeTarget section */
		BF5F5B0B1CBE341D00D6B854 /* WeChat-XMPP */ = {
			isa = PBXNativeTarget;
			buildConfigurationList = BF5F5B391CBE341D00D6B854 /* Build configuration list for PBXNativeTarget "WeChat-XMPP" */;
			buildPhases = (
				02321A019F0DDBBE0CDD880F /* Check Pods Manifest.lock */,
				BF5F5B081CBE341D00D6B854 /* Sources */,
				BF5F5B091CBE341D00D6B854 /* Frameworks */,
				BF5F5B0A1CBE341D00D6B854 /* Resources */,
				51CE8E5E20FB75D43E343310 /* Embed Pods Frameworks */,
				320BAEF9E032DD9DA767520D /* Copy Pods Resources */,
			);
			buildRules = (
			);
			dependencies = (
			);
			name = "WeChat-XMPP";
			productName = "WeChat-XMPP";
			productReference = BF5F5B0C1CBE341D00D6B854 /* WeChat-XMPP.app */;
			productType = "com.apple.product-type.application";
		};
		BF5F5B241CBE341D00D6B854 /* WeChat-XMPPTests */ = {
			isa = PBXNativeTarget;
			buildConfigurationList = BF5F5B3C1CBE341D00D6B854 /* Build configuration list for PBXNativeTarget "WeChat-XMPPTests" */;
			buildPhases = (
				BF5F5B211CBE341D00D6B854 /* Sources */,
				BF5F5B221CBE341D00D6B854 /* Frameworks */,
				BF5F5B231CBE341D00D6B854 /* Resources */,
			);
			buildRules = (
			);
			dependencies = (
				BF5F5B271CBE341D00D6B854 /* PBXTargetDependency */,
			);
			name = "WeChat-XMPPTests";
			productName = "WeChat-XMPPTests";
			productReference = BF5F5B251CBE341D00D6B854 /* WeChat-XMPPTests.xctest */;
			productType = "com.apple.product-type.bundle.unit-test";
		};
		BF5F5B2F1CBE341D00D6B854 /* WeChat-XMPPUITests */ = {
			isa = PBXNativeTarget;
			buildConfigurationList = BF5F5B3F1CBE341D00D6B854 /* Build configuration list for PBXNativeTarget "WeChat-XMPPUITests" */;
			buildPhases = (
				BF5F5B2C1CBE341D00D6B854 /* Sources */,
				BF5F5B2D1CBE341D00D6B854 /* Frameworks */,
				BF5F5B2E1CBE341D00D6B854 /* Resources */,
			);
			buildRules = (
			);
			dependencies = (
				BF5F5B321CBE341D00D6B854 /* PBXTargetDependency */,
			);
			name = "WeChat-XMPPUITests";
			productName = "WeChat-XMPPUITests";
			productReference = BF5F5B301CBE341D00D6B854 /* WeChat-XMPPUITests.xctest */;
			productType = "com.apple.product-type.bundle.ui-testing";
		};
/* End PBXNativeTarget section */

/* Begin PBXProject section */
		BF5F5B041CBE341D00D6B854 /* Project object */ = {
			isa = PBXProject;
			attributes = {
				LastUpgradeCheck = 0730;
				ORGANIZATIONNAME = "小城生活";
				TargetAttributes = {
					BF5F5B0B1CBE341D00D6B854 = {
						CreatedOnToolsVersion = 7.3;
					};
					BF5F5B241CBE341D00D6B854 = {
						CreatedOnToolsVersion = 7.3;
						TestTargetID = BF5F5B0B1CBE341D00D6B854;
					};
					BF5F5B2F1CBE341D00D6B854 = {
						CreatedOnToolsVersion = 7.3;
						TestTargetID = BF5F5B0B1CBE341D00D6B854;
					};
				};
			};
			buildConfigurationList = BF5F5B071CBE341D00D6B854 /* Build configuration list for PBXProject "WeChat-XMPP" */;
			compatibilityVersion = "Xcode 3.2";
			developmentRegion = English;
			hasScannedForEncodings = 0;
			knownRegions = (
				en,
				Base,
			);
			mainGroup = BF5F5B031CBE341D00D6B854;
			productRefGroup = BF5F5B0D1CBE341D00D6B854 /* Products */;
			projectDirPath = "";
			projectRoot = "";
			targets = (
				BF5F5B0B1CBE341D00D6B854 /* WeChat-XMPP */,
				BF5F5B241CBE341D00D6B854 /* WeChat-XMPPTests */,
				BF5F5B2F1CBE341D00D6B854 /* WeChat-XMPPUITests */,
			);
		};
/* End PBXProject section */

/* Begin PBXResourcesBuildPhase section */
		BF5F5B0A1CBE341D00D6B854 /* Resources */ = {
			isa = PBXResourcesBuildPhase;
			buildActionMask = 2147483647;
			files = (
				BF5F5B1F1CBE341D00D6B854 /* LaunchScreen.storyboard in Resources */,
				BF5F5B531CBF446D00D6B854 /* LoginStoryboard.storyboard in Resources */,
				BF4908081CBF987E00171BD5 /* MBProgressHUD.bundle in Resources */,
				BF5F5B1C1CBE341D00D6B854 /* Assets.xcassets in Resources */,
				BF5F5B1A1CBE341D00D6B854 /* Main.storyboard in Resources */,
			);
			runOnlyForDeploymentPostprocessing = 0;
		};
		BF5F5B231CBE341D00D6B854 /* Resources */ = {
			isa = PBXResourcesBuildPhase;
			buildActionMask = 2147483647;
			files = (
			);
			runOnlyForDeploymentPostprocessing = 0;
		};
		BF5F5B2E1CBE341D00D6B854 /* Resources */ = {
			isa = PBXResourcesBuildPhase;
			buildActionMask = 2147483647;
			files = (
			);
			runOnlyForDeploymentPostprocessing = 0;
		};
/* End PBXResourcesBuildPhase section */

/* Begin PBXShellScriptBuildPhase section */
		02321A019F0DDBBE0CDD880F /* Check Pods Manifest.lock */ = {
			isa = PBXShellScriptBuildPhase;
			buildActionMask = 2147483647;
			files = (
			);
			inputPaths = (
			);
			name = "Check Pods Manifest.lock";
			outputPaths = (
			);
			runOnlyForDeploymentPostprocessing = 0;
			shellPath = /bin/sh;
			shellScript = "diff \"${PODS_ROOT}/../Podfile.lock\" \"${PODS_ROOT}/Manifest.lock\" > /dev/null\nif [[ $? != 0 ]] ; then\n    cat << EOM\nerror: The sandbox is not in sync with the Podfile.lock. Run 'pod install' or update your CocoaPods installation.\nEOM\n    exit 1\nfi\n";
			showEnvVarsInLog = 0;
		};
		320BAEF9E032DD9DA767520D /* Copy Pods Resources */ = {
			isa = PBXShellScriptBuildPhase;
			buildActionMask = 2147483647;
			files = (
			);
			inputPaths = (
			);
			name = "Copy Pods Resources";
			outputPaths = (
			);
			runOnlyForDeploymentPostprocessing = 0;
			shellPath = /bin/sh;
			shellScript = "\"${SRCROOT}/Pods/Target Support Files/Pods/Pods-resources.sh\"\n";
			showEnvVarsInLog = 0;
		};
		51CE8E5E20FB75D43E343310 /* Embed Pods Frameworks */ = {
			isa = PBXShellScriptBuildPhase;
			buildActionMask = 2147483647;
			files = (
			);
			inputPaths = (
			);
			name = "Embed Pods Frameworks";
			outputPaths = (
			);
			runOnlyForDeploymentPostprocessing = 0;
			shellPath = /bin/sh;
			shellScript = "\"${SRCROOT}/Pods/Target Support Files/Pods/Pods-frameworks.sh\"\n";
			showEnvVarsInLog = 0;
		};
/* End PBXShellScriptBuildPhase section */

/* Begin PBXSourcesBuildPhase section */
		BF5F5B081CBE341D00D6B854 /* Sources */ = {
			isa = PBXSourcesBuildPhase;
			buildActionMask = 2147483647;
			files = (
				BF5F5B171CBE341D00D6B854 /* ViewController.m in Sources */,
				BF5F5B561CBF734500D6B854 /* OtherViewController.m in Sources */,
				BF2001E81CC8800C00215827 /* RegistViewController.m in Sources */,
				BF4908121CC0CABF00171BD5 /* MyViewController.m in Sources */,
				BF5F5B141CBE341D00D6B854 /* AppDelegate.m in Sources */,
				BF47A3A11CCDCC8400CE8EC2 /* EditingViewController.m in Sources */,
				BF2001EB1CC8D6C400215827 /* MyXMPPToll.m in Sources */,
				BF2001E21CC7760500215827 /* LoginSuperClass.m in Sources */,
				BF4908071CBF987E00171BD5 /* MBProgressHUD+HM.m in Sources */,
				BF2001F11CCA17A000215827 /* UserDetailViewController.m in Sources */,
				BF49080E1CBFA26200171BD5 /* NAVStyle.m in Sources */,
				BF5F5B111CBE341D00D6B854 /* main.m in Sources */,
				BFB250FD1CC4B1B90035D334 /* loginViewController.m in Sources */,
				BF06AABE1CC5C51F005610D9 /* UserInfo.m in Sources */,
				BF4908091CBF987E00171BD5 /* MBProgressHUD.m in Sources */,
				BF701A101CCA30F600122EFB /* AlertShow.m in Sources */,
			);
			runOnlyForDeploymentPostprocessing = 0;
		};
		BF5F5B211CBE341D00D6B854 /* Sources */ = {
			isa = PBXSourcesBuildPhase;
			buildActionMask = 2147483647;
			files = (
				BF5F5B2A1CBE341D00D6B854 /* WeChat_XMPPTests.m in Sources */,
			);
			runOnlyForDeploymentPostprocessing = 0;
		};
		BF5F5B2C1CBE341D00D6B854 /* Sources */ = {
			isa = PBXSourcesBuildPhase;
			buildActionMask = 2147483647;
			files = (
				BF5F5B351CBE341D00D6B854 /* WeChat_XMPPUITests.m in Sources */,
			);
			runOnlyForDeploymentPostprocessing = 0;
		};
/* End PBXSourcesBuildPhase section */

/* Begin PBXTargetDependency section */
		BF5F5B271CBE341D00D6B854 /* PBXTargetDependency */ = {
			isa = PBXTargetDependency;
			target = BF5F5B0B1CBE341D00D6B854 /* WeChat-XMPP */;
			targetProxy = BF5F5B261CBE341D00D6B854 /* PBXContainerItemProxy */;
		};
		BF5F5B321CBE341D00D6B854 /* PBXTargetDependency */ = {
			isa = PBXTargetDependency;
			target = BF5F5B0B1CBE341D00D6B854 /* WeChat-XMPP */;
			targetProxy = BF5F5B311CBE341D00D6B854 /* PBXContainerItemProxy */;
		};
/* End PBXTargetDependency section */

/* Begin PBXVariantGroup section */
		BF5F5B181CBE341D00D6B854 /* Main.storyboard */ = {
			isa = PBXVariantGroup;
			children = (
				BF5F5B191CBE341D00D6B854 /* Base */,
			);
			name = Main.storyboard;
			sourceTree = "<group>";
		};
		BF5F5B1D1CBE341D00D6B854 /* LaunchScreen.storyboard */ = {
			isa = PBXVariantGroup;
			children = (
				BF5F5B1E1CBE341D00D6B854 /* Base */,
			);
			name = LaunchScreen.storyboard;
			sourceTree = "<group>";
		};
/* End PBXVariantGroup section */

/* Begin XCBuildConfiguration section */
		BF5F5B371CBE341D00D6B854 /* Debug */ = {
			isa = XCBuildConfiguration;
			buildSettings = {
				ALWAYS_SEARCH_USER_PATHS = NO;
				CLANG_ANALYZER_NONNULL = YES;
				CLANG_CXX_LANGUAGE_STANDARD = "gnu++0x";
				CLANG_CXX_LIBRARY = "libc++";
				CLANG_ENABLE_MODULES = YES;
				CLANG_ENABLE_OBJC_ARC = YES;
				CLANG_WARN_BOOL_CONVERSION = YES;
				CLANG_WARN_CONSTANT_CONVERSION = YES;
				CLANG_WARN_DIRECT_OBJC_ISA_USAGE = YES_ERROR;
				CLANG_WARN_EMPTY_BODY = YES;
				CLANG_WARN_ENUM_CONVERSION = YES;
				CLANG_WARN_INT_CONVERSION = YES;
				CLANG_WARN_OBJC_ROOT_CLASS = YES_ERROR;
				CLANG_WARN_UNREACHABLE_CODE = YES;
				CLANG_WARN__DUPLICATE_METHOD_MATCH = YES;
				"CODE_SIGN_IDENTITY[sdk=iphoneos*]" = "iPhone Developer";
				COPY_PHASE_STRIP = NO;
				DEBUG_INFORMATION_FORMAT = dwarf;
				ENABLE_STRICT_OBJC_MSGSEND = YES;
				ENABLE_TESTABILITY = YES;
				GCC_C_LANGUAGE_STANDARD = gnu99;
				GCC_DYNAMIC_NO_PIC = NO;
				GCC_NO_COMMON_BLOCKS = YES;
				GCC_OPTIMIZATION_LEVEL = 0;
				GCC_PREPROCESSOR_DEFINITIONS = (
					"DEBUG=1",
					"$(inherited)",
				);
				GCC_WARN_64_TO_32_BIT_CONVERSION = YES;
				GCC_WARN_ABOUT_RETURN_TYPE = YES_ERROR;
				GCC_WARN_UNDECLARED_SELECTOR = YES;
				GCC_WARN_UNINITIALIZED_AUTOS = YES_AGGRESSIVE;
				GCC_WARN_UNUSED_FUNCTION = YES;
				GCC_WARN_UNUSED_VARIABLE = YES;
				IPHONEOS_DEPLOYMENT_TARGET = 9.3;
				MTL_ENABLE_DEBUG_INFO = YES;
				ONLY_ACTIVE_ARCH = YES;
				SDKROOT = iphoneos;
			};
			name = Debug;
		};
		BF5F5B381CBE341D00D6B854 /* Release */ = {
			isa = XCBuildConfiguration;
			buildSettings = {
				ALWAYS_SEARCH_USER_PATHS = NO;
				CLANG_ANALYZER_NONNULL = YES;
				CLANG_CXX_LANGUAGE_STANDARD = "gnu++0x";
				CLANG_CXX_LIBRARY = "libc++";
				CLANG_ENABLE_MODULES = YES;
				CLANG_ENABLE_OBJC_ARC = YES;
				CLANG_WARN_BOOL_CONVERSION = YES;
				CLANG_WARN_CONSTANT_CONVERSION = YES;
				CLANG_WARN_DIRECT_OBJC_ISA_USAGE = YES_ERROR;
				CLANG_WARN_EMPTY_BODY = YES;
				CLANG_WARN_ENUM_CONVERSION = YES;
				CLANG_WARN_INT_CONVERSION = YES;
				CLANG_WARN_OBJC_ROOT_CLASS = YES_ERROR;
				CLANG_WARN_UNREACHABLE_CODE = YES;
				CLANG_WARN__DUPLICATE_METHOD_MATCH = YES;
				"CODE_SIGN_IDENTITY[sdk=iphoneos*]" = "iPhone Developer";
				COPY_PHASE_STRIP = NO;
				DEBUG_INFORMATION_FORMAT = "dwarf-with-dsym";
				ENABLE_NS_ASSERTIONS = NO;
				ENABLE_STRICT_OBJC_MSGSEND = YES;
				GCC_C_LANGUAGE_STANDARD = gnu99;
				GCC_NO_COMMON_BLOCKS = YES;
				GCC_WARN_64_TO_32_BIT_CONVERSION = YES;
				GCC_WARN_ABOUT_RETURN_TYPE = YES_ERROR;
				GCC_WARN_UNDECLARED_SELECTOR = YES;
				GCC_WARN_UNINITIALIZED_AUTOS = YES_AGGRESSIVE;
				GCC_WARN_UNUSED_FUNCTION = YES;
				GCC_WARN_UNUSED_VARIABLE = YES;
				IPHONEOS_DEPLOYMENT_TARGET = 9.3;
				MTL_ENABLE_DEBUG_INFO = NO;
				SDKROOT = iphoneos;
				VALIDATE_PRODUCT = YES;
			};
			name = Release;
		};
		BF5F5B3A1CBE341D00D6B854 /* Debug */ = {
			isa = XCBuildConfiguration;
			baseConfigurationReference = E6A4E813A1223FC85BAD80F9 /* Pods.debug.xcconfig */;
			buildSettings = {
				ASSETCATALOG_COMPILER_APPICON_NAME = AppIcon;
				GCC_PREFIX_HEADER = "/Users/xiaochengshenghuo/Documents/个人文件/陈世文/个人项目/XMPPWeChat/WeChat-XMPP/WeChat-XMPP/PrefixHeader.pch";
				INFOPLIST_FILE = "WeChat-XMPP/Info.plist";
				LD_RUNPATH_SEARCH_PATHS = "$(inherited) @executable_path/Frameworks";
				PRODUCT_BUNDLE_IDENTIFIER = "com.test.WeChat-XMPP";
				PRODUCT_NAME = "$(TARGET_NAME)";
				USER_HEADER_SEARCH_PATHS = "\"$(SRCROOT)/WeChat-XMPP/breageHeader.h\"";
			};
			name = Debug;
		};
		BF5F5B3B1CBE341D00D6B854 /* Release */ = {
			isa = XCBuildConfiguration;
			baseConfigurationReference = 20B9CFBDDBB20DFB91C849B7 /* Pods.release.xcconfig */;
			buildSettings = {
				ASSETCATALOG_COMPILER_APPICON_NAME = AppIcon;
				GCC_PREFIX_HEADER = "/Users/xiaochengshenghuo/Documents/个人文件/陈世文/个人项目/XMPPWeChat/WeChat-XMPP/WeChat-XMPP/PrefixHeader.pch";
				INFOPLIST_FILE = "WeChat-XMPP/Info.plist";
				LD_RUNPATH_SEARCH_PATHS = "$(inherited) @executable_path/Frameworks";
				PRODUCT_BUNDLE_IDENTIFIER = "com.test.WeChat-XMPP";
				PRODUCT_NAME = "$(TARGET_NAME)";
				USER_HEADER_SEARCH_PATHS = "\"$(SRCROOT)/WeChat-XMPP/breageHeader.h\"";
			};
			name = Release;
		};
		BF5F5B3D1CBE341D00D6B854 /* Debug */ = {
			isa = XCBuildConfiguration;
			buildSettings = {
				BUNDLE_LOADER = "$(TEST_HOST)";
				INFOPLIST_FILE = "WeChat-XMPPTests/Info.plist";
				LD_RUNPATH_SEARCH_PATHS = "$(inherited) @executable_path/Frameworks @loader_path/Frameworks";
				PRODUCT_BUNDLE_IDENTIFIER = "com.xiaochengshenghuo.WeChat-XMPPTests";
				PRODUCT_NAME = "$(TARGET_NAME)";
				TEST_HOST = "$(BUILT_PRODUCTS_DIR)/WeChat-XMPP.app/WeChat-XMPP";
			};
			name = Debug;
		};
		BF5F5B3E1CBE341D00D6B854 /* Release */ = {
			isa = XCBuildConfiguration;
			buildSettings = {
				BUNDLE_LOADER = "$(TEST_HOST)";
				INFOPLIST_FILE = "WeChat-XMPPTests/Info.plist";
				LD_RUNPATH_SEARCH_PATHS = "$(inherited) @executable_path/Frameworks @loader_path/Frameworks";
				PRODUCT_BUNDLE_IDENTIFIER = "com.xiaochengshenghuo.WeChat-XMPPTests";
				PRODUCT_NAME = "$(TARGET_NAME)";
				TEST_HOST = "$(BUILT_PRODUCTS_DIR)/WeChat-XMPP.app/WeChat-XMPP";
			};
			name = Release;
		};
		BF5F5B401CBE341D00D6B854 /* Debug */ = {
			isa = XCBuildConfiguration;
			buildSettings = {
				INFOPLIST_FILE = "WeChat-XMPPUITests/Info.plist";
				LD_RUNPATH_SEARCH_PATHS = "$(inherited) @executable_path/Frameworks @loader_path/Frameworks";
				PRODUCT_BUNDLE_IDENTIFIER = "com.xiaochengshenghuo.WeChat-XMPPUITests";
				PRODUCT_NAME = "$(TARGET_NAME)";
				TEST_TARGET_NAME = "WeChat-XMPP";
			};
			name = Debug;
		};
		BF5F5B411CBE341D00D6B854 /* Release */ = {
			isa = XCBuildConfiguration;
			buildSettings = {
				INFOPLIST_FILE = "WeChat-XMPPUITests/Info.plist";
				LD_RUNPATH_SEARCH_PATHS = "$(inherited) @executable_path/Frameworks @loader_path/Frameworks";
				PRODUCT_BUNDLE_IDENTIFIER = "com.xiaochengshenghuo.WeChat-XMPPUITests";
				PRODUCT_NAME = "$(TARGET_NAME)";
				TEST_TARGET_NAME = "WeChat-XMPP";
			};
			name = Release;
		};
/* End XCBuildConfiguration section */

/* Begin XCConfigurationList section */
		BF5F5B071CBE341D00D6B854 /* Build configuration list for PBXProject "WeChat-XMPP" */ = {
			isa = XCConfigurationList;
			buildConfigurations = (
				BF5F5B371CBE341D00D6B854 /* Debug */,
				BF5F5B381CBE341D00D6B854 /* Release */,
			);
			defaultConfigurationIsVisible = 0;
			defaultConfigurationName = Release;
		};
		BF5F5B391CBE341D00D6B854 /* Build configuration list for PBXNativeTarget "WeChat-XMPP" */ = {
			isa = XCConfigurationList;
			buildConfigurations = (
				BF5F5B3A1CBE341D00D6B854 /* Debug */,
				BF5F5B3B1CBE341D00D6B854 /* Release */,
			);
			defaultConfigurationIsVisible = 0;
			defaultConfigurationName = Release;
		};
		BF5F5B3C1CBE341D00D6B854 /* Build configuration list for PBXNativeTarget "WeChat-XMPPTests" */ = {
			isa = XCConfigurationList;
			buildConfigurations = (
				BF5F5B3D1CBE341D00D6B854 /* Debug */,
				BF5F5B3E1CBE341D00D6B854 /* Release */,
			);
			defaultConfigurationIsVisible = 0;
			defaultConfigurationName = Release;
		};
		BF5F5B3F1CBE341D00D6B854 /* Build configuration list for PBXNativeTarget "WeChat-XMPPUITests" */ = {
			isa = XCConfigurationList;
			buildConfigurations = (
				BF5F5B401CBE341D00D6B854 /* Debug */,
				BF5F5B411CBE341D00D6B854 /* Release */,
			);
			defaultConfigurationIsVisible = 0;
			defaultConfigurationName = Release;
		};
/* End XCConfigurationList section */
	};
	rootObject = BF5F5B041CBE341D00D6B854 /* Project object */;
}
